
Microsoft Visual Studio Solution File, Format Version 12.00
# Visual Studio 15
VisualStudioVersion = 15.0.28010.2036
MinimumVisualStudioVersion = 10.0.40219.1
Project("{FAE04EC0-301F-11D3-BF4B-00C04F79EFBC}") = "Common", "src\Common\Common.csproj", "{0B8C83BD-0F58-4FD2-9E55-FB2309029C12}"
EndProject
Project("{FAE04EC0-301F-11D3-BF4B-00C04F79EFBC}") = "ErlangTermsParser", "src\ErlangTerms\ErlangTermsParser.csproj", "{AB7B80E9-B922-4162-818F-748635B1B0A3}"
EndProject
Project("{FAE04EC0-301F-11D3-BF4B-00C04F79EFBC}") = "PlaydarDaemon", "src\PlaydarDaemon\PlaydarDaemon.csproj", "{E5218BD7-EF33-49A9-BC01-B6AE21956E43}"
EndProject
Project("{FAE04EC0-301F-11D3-BF4B-00C04F79EFBC}") = "PluginAPI", "src\PluginAPI\PluginAPI.csproj", "{3202D3B8-DB45-4B99-A2DD-65A698E701B9}"
EndProject
Project("{FAE04EC0-301F-11D3-BF4B-00C04F79EFBC}") = "Player", "src\Plugins\Player\Player.csproj", "{6D91F9D1-5C43-4495-B2A9-1C051AC7D6E5}"
EndProject
Project("{FAE04EC0-301F-11D3-BF4B-00C04F79EFBC}") = "Scrobbler", "src\Plugins\Scrobbler\Scrobbler.csproj", "{457CD1AE-EBBB-4095-8B0A-D31DD4F17ACA}"
EndProject
Project("{FAE04EC0-301F-11D3-BF4B-00C04F79EFBC}") = "TrayApp", "src\TrayApp\TrayApp.csproj", "{3F225E13-27D4-4082-AEE9-600E1F4CDFDE}"
EndProject
Project("{FAE04EC0-301F-11D3-BF4B-00C04F79EFBC}") = "TrayAppTest", "test\TrayAppTest\TrayAppTest.csproj", "{27B87E5E-C9B1-42CA-88A7-11A7C2696E3A}"
EndProject
Project("{2150E333-8FDC-42A3-9474-1A3956D46DE8}") = "Plugins", "Plugins", "{3FC8B7CE-98A2-478D-91ED-B20A320AE535}"
EndProject
Project("{2150E333-8FDC-42A3-9474-1A3956D46DE8}") = "src", "src", "{72DF0301-4DC7-40DF-8380-EF7EB70F59DE}"
EndProject
Project("{2150E333-8FDC-42A3-9474-1A3956D46DE8}") = "test", "test", "{E87F236A-F29C-4D78-9DA7-18CEEAD2A0BA}"
EndProject
Global
	GlobalSection(SolutionConfigurationPlatforms) = preSolution
		Debug|Any CPU = Debug|Any CPU
		Debug|x86 = Debug|x86
		Release|Any CPU = Release|Any CPU
		Release|x86 = Release|x86
	EndGlobalSection
	GlobalSection(ProjectConfigurationPlatforms) = postSolution
		{0B8C83BD-0F58-4FD2-9E55-FB2309029C12}.Debug|Any CPU.ActiveCfg = Debug|Any CPU
		{0B8C83BD-0F58-4FD2-9E55-FB2309029C12}.Debug|Any CPU.Build.0 = Debug|Any CPU
		{0B8C83BD-0F58-4FD2-9E55-FB2309029C12}.Debug|x86.ActiveCfg = Debug|x86
		{0B8C83BD-0F58-4FD2-9E55-FB2309029C12}.Debug|x86.Build.0 = Debug|x86
		{0B8C83BD-0F58-4FD2-9E55-FB2309029C12}.Release|Any CPU.ActiveCfg = Release|Any CPU
		{0B8C83BD-0F58-4FD2-9E55-FB2309029C12}.Release|Any CPU.Build.0 = Release|Any CPU
		{0B8C83BD-0F58-4FD2-9E55-FB2309029C12}.Release|x86.ActiveCfg = Release|x86
		{0B8C83BD-0F58-4FD2-9E55-FB2309029C12}.Release|x86.Build.0 = Release|x86
		{AB7B80E9-B922-4162-818F-748635B1B0A3}.Debug|Any CPU.ActiveCfg = Debug|Any CPU
		{AB7B80E9-B922-4162-818F-748635B1B0A3}.Debug|Any CPU.Build.0 = Debug|Any CPU
		{AB7B80E9-B922-4162-818F-748635B1B0A3}.Debug|x86.ActiveCfg = Debug|x86
		{AB7B80E9-B922-4162-818F-748635B1B0A3}.Debug|x86.Build.0 = Debug|x86
		{AB7B80E9-B922-4162-818F-748635B1B0A3}.Release|Any CPU.ActiveCfg = Release|Any CPU
		{AB7B80E9-B922-4162-818F-748635B1B0A3}.Release|Any CPU.Build.0 = Release|Any CPU
		{AB7B80E9-B922-4162-818F-748635B1B0A3}.Release|x86.ActiveCfg = Release|x86
		{AB7B80E9-B922-4162-818F-748635B1B0A3}.Release|x86.Build.0 = Release|x86
		{E5218BD7-EF33-49A9-BC01-B6AE21956E43}.Debug|Any CPU.ActiveCfg = Debug|Any CPU
		{E5218BD7-EF33-49A9-BC01-B6AE21956E43}.Debug|Any CPU.Build.0 = Debug|Any CPU
		{E5218BD7-EF33-49A9-BC01-B6AE21956E43}.Debug|x86.ActiveCfg = Debug|x86
		{E5218BD7-EF33-49A9-BC01-B6AE21956E43}.Debug|x86.Build.0 = Debug|x86
		{E5218BD7-EF33-49A9-BC01-B6AE21956E43}.Release|Any CPU.ActiveCfg = Release|Any CPU
		{E5218BD7-EF33-49A9-BC01-B6AE21956E43}.Release|Any CPU.Build.0 = Release|Any CPU
		{E5218BD7-EF33-49A9-BC01-B6AE21956E43}.Release|x86.ActiveCfg = Release|x86
		{E5218BD7-EF33-49A9-BC01-B6AE21956E43}.Release|x86.Build.0 = Release|x86
		{3202D3B8-DB45-4B99-A2DD-65A698E701B9}.Debug|Any CPU.ActiveCfg = Debug|Any CPU
		{3202D3B8-DB45-4B99-A2DD-65A698E701B9}.Debug|Any CPU.Build.0 = Debug|Any CPU
		{3202D3B8-DB45-4B99-A2DD-65A698E701B9}.Debug|x86.ActiveCfg = Debug|x86
		{3202D3B8-DB45-4B99-A2DD-65A698E701B9}.Debug|x86.Build.0 = Debug|x86
		{3202D3B8-DB45-4B99-A2DD-65A698E701B9}.Release|Any CPU.ActiveCfg = Release|Any CPU
		{3202D3B8-DB45-4B99-A2DD-65A698E701B9}.Release|Any CPU.Build.0 = Release|Any CPU
		{3202D3B8-DB45-4B99-A2DD-65A698E701B9}.Release|x86.ActiveCfg = Release|x86
		{3202D3B8-DB45-4B99-A2DD-65A698E701B9}.Release|x86.Build.0 = Release|x86
		{6D91F9D1-5C43-4495-B2A9-1C051AC7D6E5}.Debug|Any CPU.ActiveCfg = Debug|Any CPU
		{6D91F9D1-5C43-4495-B2A9-1C051AC7D6E5}.Debug|Any CPU.Build.0 = Debug|Any CPU
		{6D91F9D1-5C43-4495-B2A9-1C051AC7D6E5}.Debug|x86.ActiveCfg = Debug|x86
		{6D91F9D1-5C43-4495-B2A9-1C051AC7D6E5}.Debug|x86.Build.0 = Debug|x86
		{6D91F9D1-5C43-4495-B2A9-1C051AC7D6E5}.Release|Any CPU.ActiveCfg = Release|Any CPU
		{6D91F9D1-5C43-4495-B2A9-1C051AC7D6E5}.Release|Any CPU.Build.0 = Release|Any CPU
		{6D91F9D1-5C43-4495-B2A9-1C051AC7D6E5}.Release|x86.ActiveCfg = Release|x86
		{6D91F9D1-5C43-4495-B2A9-1C051AC7D6E5}.Release|x86.Build.0 = Release|x86
		{457CD1AE-EBBB-4095-8B0A-D31DD4F17ACA}.Debug|Any CPU.ActiveCfg = Debug|Any CPU
		{457CD1AE-EBBB-4095-8B0A-D31DD4F17ACA}.Debug|Any CPU.Build.0 = Debug|Any CPU
		{457CD1AE-EBBB-4095-8B0A-D31DD4F17ACA}.Debug|x86.ActiveCfg = Debug|x86
		{457CD1AE-EBBB-4095-8B0A-D31DD4F17ACA}.Debug|x86.Build.0 = Debug|x86
		{457CD1AE-EBBB-4095-8B0A-D31DD4F17ACA}.Release|Any CPU.ActiveCfg = Release|Any CPU
		{457CD1AE-EBBB-4095-8B0A-D31DD4F17ACA}.Release|Any CPU.Build.0 = Release|Any CPU
		{457CD1AE-EBBB-4095-8B0A-D31DD4F17ACA}.Release|x86.ActiveCfg = Release|x86
		{457CD1AE-EBBB-4095-8B0A-D31DD4F17ACA}.Release|x86.Build.0 = Release|x86
		{3F225E13-27D4-4082-AEE9-600E1F4CDFDE}.Debug|Any CPU.ActiveCfg = Debug|Any CPU
		{3F225E13-27D4-4082-AEE9-600E1F4CDFDE}.Debug|Any CPU.Build.0 = Debug|Any CPU
		{3F225E13-27D4-4082-AEE9-600E1F4CDFDE}.Debug|x86.ActiveCfg = Debug|x86
		{3F225E13-27D4-4082-AEE9-600E1F4CDFDE}.Debug|x86.Build.0 = Debug|x86
		{3F225E13-27D4-4082-AEE9-600E1F4CDFDE}.Release|Any CPU.ActiveCfg = Release|Any CPU
		{3F225E13-27D4-4082-AEE9-600E1F4CDFDE}.Release|Any CPU.Build.0 = Release|Any CPU
		{3F225E13-27D4-4082-AEE9-600E1F4CDFDE}.Release|x86.ActiveCfg = Release|x86
		{3F225E13-27D4-4082-AEE9-600E1F4CDFDE}.Release|x86.Build.0 = Release|x86
		{27B87E5E-C9B1-42CA-88A7-11A7C2696E3A}.Debug|Any CPU.ActiveCfg = Debug|Any CPU
		{27B87E5E-C9B1-42CA-88A7-11A7C2696E3A}.Debug|Any CPU.Build.0 = Debug|Any CPU
		{27B87E5E-C9B1-42CA-88A7-11A7C2696E3A}.Debug|x86.ActiveCfg = Debug|x86
		{27B87E5E-C9B1-42CA-88A7-11A7C2696E3A}.Debug|x86.Build.0 = Debug|x86
		{27B87E5E-C9B1-42CA-88A7-11A7C2696E3A}.Release|Any CPU.ActiveCfg = Release|Any CPU
		{27B87E5E-C9B1-42CA-88A7-11A7C2696E3A}.Release|Any CPU.Build.0 = Release|Any CPU
		{27B87E5E-C9B1-42CA-88A7-11A7C2696E3A}.Release|x86.ActiveCfg = Release|x86
		{27B87E5E-C9B1-42CA-88A7-11A7C2696E3A}.Release|x86.Build.0 = Release|x86
	EndGlobalSection
	GlobalSection(SolutionProperties) = preSolution
		HideSolutionNode = FALSE
	EndGlobalSection
	GlobalSection(NestedProjects) = preSolution
		{0B8C83BD-0F58-4FD2-9E55-FB2309029C12} = {72DF0301-4DC7-40DF-8380-EF7EB70F59DE}
		{AB7B80E9-B922-4162-818F-748635B1B0A3} = {72DF0301-4DC7-40DF-8380-EF7EB70F59DE}
		{E5218BD7-EF33-49A9-BC01-B6AE21956E43} = {72DF0301-4DC7-40DF-8380-EF7EB70F59DE}
		{3202D3B8-DB45-4B99-A2DD-65A698E701B9} = {72DF0301-4DC7-40DF-8380-EF7EB70F59DE}
		{6D91F9D1-5C43-4495-B2A9-1C051AC7D6E5} = {3FC8B7CE-98A2-478D-91ED-B20A320AE535}
		{457CD1AE-EBBB-4095-8B0A-D31DD4F17ACA} = {3FC8B7CE-98A2-478D-91ED-B20A320AE535}
		{3F225E13-27D4-4082-AEE9-600E1F4CDFDE} = {72DF0301-4DC7-40DF-8380-EF7EB70F59DE}
		{27B87E5E-C9B1-42CA-88A7-11A7C2696E3A} = {E87F236A-F29C-4D78-9DA7-18CEEAD2A0BA}
		{3FC8B7CE-98A2-478D-91ED-B20A320AE535} = {72DF0301-4DC7-40DF-8380-EF7EB70F59DE}
	EndGlobalSection
	GlobalSection(ExtensibilityGlobals) = postSolution
		SolutionGuid = {3A3EDF7E-AA78-4071-B595-2CBB4A8F1666}
	EndGlobalSection
EndGlobal
