
Microsoft Visual Studio Solution File, Format Version 10.00
# Visual Studio 2008
Project("{FAE04EC0-301F-11D3-BF4B-00C04F79EFBC}") = "TrayApp", "TrayApp\TrayApp.csproj", "{3F225E13-27D4-4082-AEE9-600E1F4CDFDE}"
EndProject
Project("{FAE04EC0-301F-11D3-BF4B-00C04F79EFBC}") = "PluginAPI", "PluginAPI\PluginAPI.csproj", "{3202D3B8-DB45-4B99-A2DD-65A698E701B9}"
EndProject
Project("{FAE04EC0-301F-11D3-BF4B-00C04F79EFBC}") = "PlaydarDaemon", "PlaydarDaemon\PlaydarDaemon.csproj", "{E5218BD7-EF33-49A9-BC01-B6AE21956E43}"
EndProject
Project("{FAE04EC0-301F-11D3-BF4B-00C04F79EFBC}") = "Common", "Common\Common.csproj", "{0B8C83BD-0F58-4FD2-9E55-FB2309029C12}"
EndProject
Project("{FAE04EC0-301F-11D3-BF4B-00C04F79EFBC}") = "ElectronomePlugin", "Plugins\Electronome\ElectronomePlugin.csproj", "{D99D0151-B872-4AFC-9DC3-7207A1BF99B0}"
EndProject
Project("{FAE04EC0-301F-11D3-BF4B-00C04F79EFBC}") = "ScrobblerPlugin", "Plugins\Scrobbler\ScrobblerPlugin.csproj", "{457CD1AE-EBBB-4095-8B0A-D31DD4F17ACA}"
EndProject
Project("{FAE04EC0-301F-11D3-BF4B-00C04F79EFBC}") = "TrayAppTest", "TrayAppTest\TrayAppTest.csproj", "{27B87E5E-C9B1-42CA-88A7-11A7C2696E3A}"
EndProject
Project("{2150E333-8FDC-42A3-9474-1A3956D46DE8}") = "Plugins", "Plugins", "{EAE18896-A315-4F98-BA06-3EF97D878969}"
EndProject
Project("{2150E333-8FDC-42A3-9474-1A3956D46DE8}") = "Test", "Test", "{0FB1C6E3-70C7-422F-B04C-D02FC69322C2}"
EndProject
Global
	GlobalSection(SolutionConfigurationPlatforms) = preSolution
		Debug|Any CPU = Debug|Any CPU
		Release|Any CPU = Release|Any CPU
	EndGlobalSection
	GlobalSection(ProjectConfigurationPlatforms) = postSolution
		{3F225E13-27D4-4082-AEE9-600E1F4CDFDE}.Debug|Any CPU.ActiveCfg = Debug|Any CPU
		{3F225E13-27D4-4082-AEE9-600E1F4CDFDE}.Debug|Any CPU.Build.0 = Debug|Any CPU
		{3F225E13-27D4-4082-AEE9-600E1F4CDFDE}.Release|Any CPU.ActiveCfg = Release|Any CPU
		{3F225E13-27D4-4082-AEE9-600E1F4CDFDE}.Release|Any CPU.Build.0 = Release|Any CPU
		{3202D3B8-DB45-4B99-A2DD-65A698E701B9}.Debug|Any CPU.ActiveCfg = Debug|Any CPU
		{3202D3B8-DB45-4B99-A2DD-65A698E701B9}.Debug|Any CPU.Build.0 = Debug|Any CPU
		{3202D3B8-DB45-4B99-A2DD-65A698E701B9}.Release|Any CPU.ActiveCfg = Release|Any CPU
		{3202D3B8-DB45-4B99-A2DD-65A698E701B9}.Release|Any CPU.Build.0 = Release|Any CPU
		{E5218BD7-EF33-49A9-BC01-B6AE21956E43}.Debug|Any CPU.ActiveCfg = Debug|Any CPU
		{E5218BD7-EF33-49A9-BC01-B6AE21956E43}.Debug|Any CPU.Build.0 = Debug|Any CPU
		{E5218BD7-EF33-49A9-BC01-B6AE21956E43}.Release|Any CPU.ActiveCfg = Release|Any CPU
		{E5218BD7-EF33-49A9-BC01-B6AE21956E43}.Release|Any CPU.Build.0 = Release|Any CPU
		{0B8C83BD-0F58-4FD2-9E55-FB2309029C12}.Debug|Any CPU.ActiveCfg = Debug|Any CPU
		{0B8C83BD-0F58-4FD2-9E55-FB2309029C12}.Debug|Any CPU.Build.0 = Debug|Any CPU
		{0B8C83BD-0F58-4FD2-9E55-FB2309029C12}.Release|Any CPU.ActiveCfg = Release|Any CPU
		{0B8C83BD-0F58-4FD2-9E55-FB2309029C12}.Release|Any CPU.Build.0 = Release|Any CPU
		{D99D0151-B872-4AFC-9DC3-7207A1BF99B0}.Debug|Any CPU.ActiveCfg = Debug|Any CPU
		{D99D0151-B872-4AFC-9DC3-7207A1BF99B0}.Debug|Any CPU.Build.0 = Debug|Any CPU
		{D99D0151-B872-4AFC-9DC3-7207A1BF99B0}.Release|Any CPU.ActiveCfg = Release|Any CPU
		{D99D0151-B872-4AFC-9DC3-7207A1BF99B0}.Release|Any CPU.Build.0 = Release|Any CPU
		{457CD1AE-EBBB-4095-8B0A-D31DD4F17ACA}.Debug|Any CPU.ActiveCfg = Debug|Any CPU
		{457CD1AE-EBBB-4095-8B0A-D31DD4F17ACA}.Debug|Any CPU.Build.0 = Debug|Any CPU
		{457CD1AE-EBBB-4095-8B0A-D31DD4F17ACA}.Release|Any CPU.ActiveCfg = Release|Any CPU
		{457CD1AE-EBBB-4095-8B0A-D31DD4F17ACA}.Release|Any CPU.Build.0 = Release|Any CPU
		{27B87E5E-C9B1-42CA-88A7-11A7C2696E3A}.Debug|Any CPU.ActiveCfg = Debug|Any CPU
		{27B87E5E-C9B1-42CA-88A7-11A7C2696E3A}.Debug|Any CPU.Build.0 = Debug|Any CPU
		{27B87E5E-C9B1-42CA-88A7-11A7C2696E3A}.Release|Any CPU.ActiveCfg = Release|Any CPU
		{27B87E5E-C9B1-42CA-88A7-11A7C2696E3A}.Release|Any CPU.Build.0 = Release|Any CPU
	EndGlobalSection
	GlobalSection(SolutionProperties) = preSolution
		HideSolutionNode = FALSE
	EndGlobalSection
	GlobalSection(NestedProjects) = preSolution
		{D99D0151-B872-4AFC-9DC3-7207A1BF99B0} = {EAE18896-A315-4F98-BA06-3EF97D878969}
		{457CD1AE-EBBB-4095-8B0A-D31DD4F17ACA} = {EAE18896-A315-4F98-BA06-3EF97D878969}
		{3202D3B8-DB45-4B99-A2DD-65A698E701B9} = {EAE18896-A315-4F98-BA06-3EF97D878969}
		{27B87E5E-C9B1-42CA-88A7-11A7C2696E3A} = {0FB1C6E3-70C7-422F-B04C-D02FC69322C2}
	EndGlobalSection
EndGlobal
