
Microsoft Visual Studio Solution File, Format Version 10.00
# Visual Studio 2008
Project("{FAE04EC0-301F-11D3-BF4B-00C04F79EFBC}") = "BuildTasks", "BuildTasks.csproj", "{F457C1BB-02F6-451D-B797-A938E4AB86EE}"
EndProject
Global
	GlobalSection(SolutionConfigurationPlatforms) = preSolution
		Debug|Any CPU = Debug|Any CPU
		Release|Any CPU = Release|Any CPU
	EndGlobalSection
	GlobalSection(ProjectConfigurationPlatforms) = postSolution
		{F457C1BB-02F6-451D-B797-A938E4AB86EE}.Debug|Any CPU.ActiveCfg = Debug|Any CPU
		{F457C1BB-02F6-451D-B797-A938E4AB86EE}.Debug|Any CPU.Build.0 = Debug|Any CPU
		{F457C1BB-02F6-451D-B797-A938E4AB86EE}.Release|Any CPU.ActiveCfg = Release|Any CPU
		{F457C1BB-02F6-451D-B797-A938E4AB86EE}.Release|Any CPU.Build.0 = Release|Any CPU
	EndGlobalSection
	GlobalSection(SolutionProperties) = preSolution
		HideSolutionNode = FALSE
	EndGlobalSection
EndGlobal
