
Microsoft Visual Studio Solution File, Format Version 10.00
# Visual Studio 2008
Project("{FAE04EC0-301F-11D3-BF4B-00C04F79EFBC}") = "erlini", "erlini.csproj", "{C75D93A6-3FB7-42D3-AFB9-01C4FE826019}"
EndProject
Global
	GlobalSection(SolutionConfigurationPlatforms) = preSolution
		Debug|Any CPU = Debug|Any CPU
		Release|Any CPU = Release|Any CPU
	EndGlobalSection
	GlobalSection(ProjectConfigurationPlatforms) = postSolution
		{C75D93A6-3FB7-42D3-AFB9-01C4FE826019}.Debug|Any CPU.ActiveCfg = Debug|Any CPU
		{C75D93A6-3FB7-42D3-AFB9-01C4FE826019}.Debug|Any CPU.Build.0 = Debug|Any CPU
		{C75D93A6-3FB7-42D3-AFB9-01C4FE826019}.Release|Any CPU.ActiveCfg = Release|Any CPU
		{C75D93A6-3FB7-42D3-AFB9-01C4FE826019}.Release|Any CPU.Build.0 = Release|Any CPU
	EndGlobalSection
	GlobalSection(SolutionProperties) = preSolution
		HideSolutionNode = FALSE
	EndGlobalSection
EndGlobal
