
Microsoft Visual Studio Solution File, Format Version 11.00
# Visual Studio 2010
Project("{FAE04EC0-301F-11D3-BF4B-00C04F79EFBC}") = "Common", "Common\Common.csproj", "{0B8C83BD-0F58-4FD2-9E55-FB2309029C12}"
EndProject
Project("{FAE04EC0-301F-11D3-BF4B-00C04F79EFBC}") = "ErlangTermsParser", "ErlangTerms\ErlangTermsParser.csproj", "{AB7B80E9-B922-4162-818F-748635B1B0A3}"
EndProject
Project("{FAE04EC0-301F-11D3-BF4B-00C04F79EFBC}") = "PlaydarDaemon", "PlaydarDaemon\PlaydarDaemon.csproj", "{E5218BD7-EF33-49A9-BC01-B6AE21956E43}"
EndProject
Project("{FAE04EC0-301F-11D3-BF4B-00C04F79EFBC}") = "PluginAPI", "PluginAPI\PluginAPI.csproj", "{3202D3B8-DB45-4B99-A2DD-65A698E701B9}"
EndProject
Project("{FAE04EC0-301F-11D3-BF4B-00C04F79EFBC}") = "MP3tunes", "Plugins\MP3tunes\MP3tunes.csproj", "{D21C3808-464A-4A7C-AD9B-8AE07B78E40F}"
EndProject
Project("{FAE04EC0-301F-11D3-BF4B-00C04F79EFBC}") = "Napster", "Plugins\Napster\Napster.csproj", "{EF8CDC39-DA2B-41D9-86DD-CB8A24326F20}"
EndProject
Project("{FAE04EC0-301F-11D3-BF4B-00C04F79EFBC}") = "Player", "Plugins\Player\Player.csproj", "{6D91F9D1-5C43-4495-B2A9-1C051AC7D6E5}"
EndProject
Project("{FAE04EC0-301F-11D3-BF4B-00C04F79EFBC}") = "Scrobbler", "Plugins\Scrobbler\Scrobbler.csproj", "{457CD1AE-EBBB-4095-8B0A-D31DD4F17ACA}"
EndProject
Project("{FAE04EC0-301F-11D3-BF4B-00C04F79EFBC}") = "TrayApp", "TrayApp\TrayApp.csproj", "{3F225E13-27D4-4082-AEE9-600E1F4CDFDE}"
EndProject
Project("{FAE04EC0-301F-11D3-BF4B-00C04F79EFBC}") = "TrayAppTest", "TrayAppTest\TrayAppTest.csproj", "{27B87E5E-C9B1-42CA-88A7-11A7C2696E3A}"
EndProject
Global
	GlobalSection(SolutionConfigurationPlatforms) = preSolution
		Debug|Any CPU = Debug|Any CPU
		Debug|x86 = Debug|x86
		Release|Any CPU = Release|Any CPU
		Release|x86 = Release|x86
	EndGlobalSection
	GlobalSection(ProjectConfigurationPlatforms) = postSolution
		{0B8C83BD-0F58-4FD2-9E55-FB2309029C12}.Debug|Any CPU.ActiveCfg = Debug|Any CPU
		{0B8C83BD-0F58-4FD2-9E55-FB2309029C12}.Debug|Any CPU.Build.0 = Debug|Any CPU
		{0B8C83BD-0F58-4FD2-9E55-FB2309029C12}.Debug|x86.ActiveCfg = Debug|x86
		{0B8C83BD-0F58-4FD2-9E55-FB2309029C12}.Debug|x86.Build.0 = Debug|x86
		{0B8C83BD-0F58-4FD2-9E55-FB2309029C12}.Release|Any CPU.ActiveCfg = Release|Any CPU
		{0B8C83BD-0F58-4FD2-9E55-FB2309029C12}.Release|Any CPU.Build.0 = Release|Any CPU
		{0B8C83BD-0F58-4FD2-9E55-FB2309029C12}.Release|x86.ActiveCfg = Release|x86
		{0B8C83BD-0F58-4FD2-9E55-FB2309029C12}.Release|x86.Build.0 = Release|x86
		{AB7B80E9-B922-4162-818F-748635B1B0A3}.Debug|Any CPU.ActiveCfg = Debug|Any CPU
		{AB7B80E9-B922-4162-818F-748635B1B0A3}.Debug|Any CPU.Build.0 = Debug|Any CPU
		{AB7B80E9-B922-4162-818F-748635B1B0A3}.Debug|x86.ActiveCfg = Debug|x86
		{AB7B80E9-B922-4162-818F-748635B1B0A3}.Debug|x86.Build.0 = Debug|x86
		{AB7B80E9-B922-4162-818F-748635B1B0A3}.Release|Any CPU.ActiveCfg = Release|Any CPU
		{AB7B80E9-B922-4162-818F-748635B1B0A3}.Release|Any CPU.Build.0 = Release|Any CPU
		{AB7B80E9-B922-4162-818F-748635B1B0A3}.Release|x86.ActiveCfg = Release|x86
		{AB7B80E9-B922-4162-818F-748635B1B0A3}.Release|x86.Build.0 = Release|x86
		{E5218BD7-EF33-49A9-BC01-B6AE21956E43}.Debug|Any CPU.ActiveCfg = Debug|Any CPU
		{E5218BD7-EF33-49A9-BC01-B6AE21956E43}.Debug|Any CPU.Build.0 = Debug|Any CPU
		{E5218BD7-EF33-49A9-BC01-B6AE21956E43}.Debug|x86.ActiveCfg = Debug|x86
		{E5218BD7-EF33-49A9-BC01-B6AE21956E43}.Debug|x86.Build.0 = Debug|x86
		{E5218BD7-EF33-49A9-BC01-B6AE21956E43}.Release|Any CPU.ActiveCfg = Release|Any CPU
		{E5218BD7-EF33-49A9-BC01-B6AE21956E43}.Release|Any CPU.Build.0 = Release|Any CPU
		{E5218BD7-EF33-49A9-BC01-B6AE21956E43}.Release|x86.ActiveCfg = Release|x86
		{E5218BD7-EF33-49A9-BC01-B6AE21956E43}.Release|x86.Build.0 = Release|x86
		{3202D3B8-DB45-4B99-A2DD-65A698E701B9}.Debug|Any CPU.ActiveCfg = Debug|Any CPU
		{3202D3B8-DB45-4B99-A2DD-65A698E701B9}.Debug|Any CPU.Build.0 = Debug|Any CPU
		{3202D3B8-DB45-4B99-A2DD-65A698E701B9}.Debug|x86.ActiveCfg = Debug|x86
		{3202D3B8-DB45-4B99-A2DD-65A698E701B9}.Debug|x86.Build.0 = Debug|x86
		{3202D3B8-DB45-4B99-A2DD-65A698E701B9}.Release|Any CPU.ActiveCfg = Release|Any CPU
		{3202D3B8-DB45-4B99-A2DD-65A698E701B9}.Release|Any CPU.Build.0 = Release|Any CPU
		{3202D3B8-DB45-4B99-A2DD-65A698E701B9}.Release|x86.ActiveCfg = Release|x86
		{3202D3B8-DB45-4B99-A2DD-65A698E701B9}.Release|x86.Build.0 = Release|x86
		{D21C3808-464A-4A7C-AD9B-8AE07B78E40F}.Debug|Any CPU.ActiveCfg = Debug|Any CPU
		{D21C3808-464A-4A7C-AD9B-8AE07B78E40F}.Debug|Any CPU.Build.0 = Debug|Any CPU
		{D21C3808-464A-4A7C-AD9B-8AE07B78E40F}.Debug|x86.ActiveCfg = Debug|x86
		{D21C3808-464A-4A7C-AD9B-8AE07B78E40F}.Debug|x86.Build.0 = Debug|x86
		{D21C3808-464A-4A7C-AD9B-8AE07B78E40F}.Release|Any CPU.ActiveCfg = Release|Any CPU
		{D21C3808-464A-4A7C-AD9B-8AE07B78E40F}.Release|Any CPU.Build.0 = Release|Any CPU
		{D21C3808-464A-4A7C-AD9B-8AE07B78E40F}.Release|x86.ActiveCfg = Release|x86
		{D21C3808-464A-4A7C-AD9B-8AE07B78E40F}.Release|x86.Build.0 = Release|x86
		{EF8CDC39-DA2B-41D9-86DD-CB8A24326F20}.Debug|Any CPU.ActiveCfg = Debug|Any CPU
		{EF8CDC39-DA2B-41D9-86DD-CB8A24326F20}.Debug|Any CPU.Build.0 = Debug|Any CPU
		{EF8CDC39-DA2B-41D9-86DD-CB8A24326F20}.Debug|x86.ActiveCfg = Debug|x86
		{EF8CDC39-DA2B-41D9-86DD-CB8A24326F20}.Debug|x86.Build.0 = Debug|x86
		{EF8CDC39-DA2B-41D9-86DD-CB8A24326F20}.Release|Any CPU.ActiveCfg = Release|Any CPU
		{EF8CDC39-DA2B-41D9-86DD-CB8A24326F20}.Release|Any CPU.Build.0 = Release|Any CPU
		{EF8CDC39-DA2B-41D9-86DD-CB8A24326F20}.Release|x86.ActiveCfg = Release|x86
		{EF8CDC39-DA2B-41D9-86DD-CB8A24326F20}.Release|x86.Build.0 = Release|x86
		{6D91F9D1-5C43-4495-B2A9-1C051AC7D6E5}.Debug|Any CPU.ActiveCfg = Debug|Any CPU
		{6D91F9D1-5C43-4495-B2A9-1C051AC7D6E5}.Debug|Any CPU.Build.0 = Debug|Any CPU
		{6D91F9D1-5C43-4495-B2A9-1C051AC7D6E5}.Debug|x86.ActiveCfg = Debug|x86
		{6D91F9D1-5C43-4495-B2A9-1C051AC7D6E5}.Debug|x86.Build.0 = Debug|x86
		{6D91F9D1-5C43-4495-B2A9-1C051AC7D6E5}.Release|Any CPU.ActiveCfg = Release|Any CPU
		{6D91F9D1-5C43-4495-B2A9-1C051AC7D6E5}.Release|Any CPU.Build.0 = Release|Any CPU
		{6D91F9D1-5C43-4495-B2A9-1C051AC7D6E5}.Release|x86.ActiveCfg = Release|x86
		{6D91F9D1-5C43-4495-B2A9-1C051AC7D6E5}.Release|x86.Build.0 = Release|x86
		{457CD1AE-EBBB-4095-8B0A-D31DD4F17ACA}.Debug|Any CPU.ActiveCfg = Debug|Any CPU
		{457CD1AE-EBBB-4095-8B0A-D31DD4F17ACA}.Debug|Any CPU.Build.0 = Debug|Any CPU
		{457CD1AE-EBBB-4095-8B0A-D31DD4F17ACA}.Debug|x86.ActiveCfg = Debug|x86
		{457CD1AE-EBBB-4095-8B0A-D31DD4F17ACA}.Debug|x86.Build.0 = Debug|x86
		{457CD1AE-EBBB-4095-8B0A-D31DD4F17ACA}.Release|Any CPU.ActiveCfg = Release|Any CPU
		{457CD1AE-EBBB-4095-8B0A-D31DD4F17ACA}.Release|Any CPU.Build.0 = Release|Any CPU
		{457CD1AE-EBBB-4095-8B0A-D31DD4F17ACA}.Release|x86.ActiveCfg = Release|x86
		{457CD1AE-EBBB-4095-8B0A-D31DD4F17ACA}.Release|x86.Build.0 = Release|x86
		{3F225E13-27D4-4082-AEE9-600E1F4CDFDE}.Debug|Any CPU.ActiveCfg = Debug|Any CPU
		{3F225E13-27D4-4082-AEE9-600E1F4CDFDE}.Debug|Any CPU.Build.0 = Debug|Any CPU
		{3F225E13-27D4-4082-AEE9-600E1F4CDFDE}.Debug|x86.ActiveCfg = Debug|x86
		{3F225E13-27D4-4082-AEE9-600E1F4CDFDE}.Debug|x86.Build.0 = Debug|x86
		{3F225E13-27D4-4082-AEE9-600E1F4CDFDE}.Release|Any CPU.ActiveCfg = Release|Any CPU
		{3F225E13-27D4-4082-AEE9-600E1F4CDFDE}.Release|Any CPU.Build.0 = Release|Any CPU
		{3F225E13-27D4-4082-AEE9-600E1F4CDFDE}.Release|x86.ActiveCfg = Release|x86
		{3F225E13-27D4-4082-AEE9-600E1F4CDFDE}.Release|x86.Build.0 = Release|x86
		{27B87E5E-C9B1-42CA-88A7-11A7C2696E3A}.Debug|Any CPU.ActiveCfg = Debug|Any CPU
		{27B87E5E-C9B1-42CA-88A7-11A7C2696E3A}.Debug|Any CPU.Build.0 = Debug|Any CPU
		{27B87E5E-C9B1-42CA-88A7-11A7C2696E3A}.Debug|x86.ActiveCfg = Debug|x86
		{27B87E5E-C9B1-42CA-88A7-11A7C2696E3A}.Debug|x86.Build.0 = Debug|x86
		{27B87E5E-C9B1-42CA-88A7-11A7C2696E3A}.Release|Any CPU.ActiveCfg = Release|Any CPU
		{27B87E5E-C9B1-42CA-88A7-11A7C2696E3A}.Release|Any CPU.Build.0 = Release|Any CPU
		{27B87E5E-C9B1-42CA-88A7-11A7C2696E3A}.Release|x86.ActiveCfg = Release|x86
		{27B87E5E-C9B1-42CA-88A7-11A7C2696E3A}.Release|x86.Build.0 = Release|x86
	EndGlobalSection
	GlobalSection(SolutionProperties) = preSolution
		HideSolutionNode = FALSE
	EndGlobalSection
EndGlobal
